
Microsoft Visual Studio Solution File, Format Version 12.00
# Visual Studio Version 17
VisualStudioVersion = 17.9.34701.34
MinimumVisualStudioVersion = 10.0.40219.1
Project("{FAE04EC0-301F-11D3-BF4B-00C04F79EFBC}") = "real-estate", "real-estate.csproj", "{A90A15F5-4879-4656-A36E-D8B9BF28A797}"
EndProject
Global
	GlobalSection(SolutionConfigurationPlatforms) = preSolution
		Debug|Any CPU = Debug|Any CPU
		Release|Any CPU = Release|Any CPU
	EndGlobalSection
	GlobalSection(ProjectConfigurationPlatforms) = postSolution
		{A90A15F5-4879-4656-A36E-D8B9BF28A797}.Debug|Any CPU.ActiveCfg = Debug|Any CPU
		{A90A15F5-4879-4656-A36E-D8B9BF28A797}.Debug|Any CPU.Build.0 = Debug|Any CPU
		{A90A15F5-4879-4656-A36E-D8B9BF28A797}.Release|Any CPU.ActiveCfg = Release|Any CPU
		{A90A15F5-4879-4656-A36E-D8B9BF28A797}.Release|Any CPU.Build.0 = Release|Any CPU
	EndGlobalSection
	GlobalSection(SolutionProperties) = preSolution
		HideSolutionNode = FALSE
	EndGlobalSection
	GlobalSection(ExtensibilityGlobals) = postSolution
		SolutionGuid = {4A5EC7AA-0D8E-4F41-9386-85341949C9C9}
	EndGlobalSection
EndGlobal
